// !$*UTF8*$!
{
	archiveVersion = 1;
	classes = {
	};
	objectVersion = 46;
	objects = {

/* Begin PBXBuildFile section */
		C30DB1F01D55470F00431545 /* AppDelegate.swift in Sources */ = {isa = PBXBuildFile; fileRef = C30DB1EF1D55470F00431545 /* AppDelegate.swift */; };
		C30DB1F51D55470F00431545 /* Main.storyboard in Resources */ = {isa = PBXBuildFile; fileRef = C30DB1F31D55470F00431545 /* Main.storyboard */; };
		C30DB1F71D55470F00431545 /* Assets.xcassets in Resources */ = {isa = PBXBuildFile; fileRef = C30DB1F61D55470F00431545 /* Assets.xcassets */; };
		C30DB1FA1D55470F00431545 /* LaunchScreen.storyboard in Resources */ = {isa = PBXBuildFile; fileRef = C30DB1F81D55470F00431545 /* LaunchScreen.storyboard */; };
		C30DB2061D55498800431545 /* ItemsViewController.swift in Sources */ = {isa = PBXBuildFile; fileRef = C30DB2051D55498800431545 /* ItemsViewController.swift */; };
		C30DB2081D5549DC00431545 /* Item.swift in Sources */ = {isa = PBXBuildFile; fileRef = C30DB2071D5549DC00431545 /* Item.swift */; };
		C30DB20A1D554D2B00431545 /* ItemStore.swift in Sources */ = {isa = PBXBuildFile; fileRef = C30DB2091D554D2B00431545 /* ItemStore.swift */; };
		C37BE5561D5B77F400CEE0BE /* ItemCell.swift in Sources */ = {isa = PBXBuildFile; fileRef = C37BE5551D5B77F300CEE0BE /* ItemCell.swift */; };
		C38DEFAF1D5D463900A62345 /* DetailViewController.swift in Sources */ = {isa = PBXBuildFile; fileRef = C38DEFAE1D5D463900A62345 /* DetailViewController.swift */; };
/* End PBXBuildFile section */

/* Begin PBXFileReference section */
		C30DB1EC1D55470F00431545 /* Homepwner.app */ = {isa = PBXFileReference; explicitFileType = wrapper.application; includeInIndex = 0; path = Homepwner.app; sourceTree = BUILT_PRODUCTS_DIR; };
		C30DB1EF1D55470F00431545 /* AppDelegate.swift */ = {isa = PBXFileReference; lastKnownFileType = sourcecode.swift; path = AppDelegate.swift; sourceTree = "<group>"; };
		C30DB1F41D55470F00431545 /* Base */ = {isa = PBXFileReference; lastKnownFileType = file.storyboard; name = Base; path = Base.lproj/Main.storyboard; sourceTree = "<group>"; };
		C30DB1F61D55470F00431545 /* Assets.xcassets */ = {isa = PBXFileReference; lastKnownFileType = folder.assetcatalog; path = Assets.xcassets; sourceTree = "<group>"; };
		C30DB1F91D55470F00431545 /* Base */ = {isa = PBXFileReference; lastKnownFileType = file.storyboard; name = Base; path = Base.lproj/LaunchScreen.storyboard; sourceTree = "<group>"; };
		C30DB1FB1D55470F00431545 /* Info.plist */ = {isa = PBXFileReference; lastKnownFileType = text.plist.xml; path = Info.plist; sourceTree = "<group>"; };
		C30DB2051D55498800431545 /* ItemsViewController.swift */ = {isa = PBXFileReference; fileEncoding = 4; lastKnownFileType = sourcecode.swift; path = ItemsViewController.swift; sourceTree = "<group>"; };
		C30DB2071D5549DC00431545 /* Item.swift */ = {isa = PBXFileReference; fileEncoding = 4; lastKnownFileType = sourcecode.swift; path = Item.swift; sourceTree = "<group>"; };
		C30DB2091D554D2B00431545 /* ItemStore.swift */ = {isa = PBXFileReference; fileEncoding = 4; lastKnownFileType = sourcecode.swift; path = ItemStore.swift; sourceTree = "<group>"; };
		C37BE5551D5B77F300CEE0BE /* ItemCell.swift */ = {isa = PBXFileReference; fileEncoding = 4; lastKnownFileType = sourcecode.swift; path = ItemCell.swift; sourceTree = "<group>"; };
		C38DEFAE1D5D463900A62345 /* DetailViewController.swift */ = {isa = PBXFileReference; fileEncoding = 4; lastKnownFileType = sourcecode.swift; path = DetailViewController.swift; sourceTree = "<group>"; };
/* End PBXFileReference section */

/* Begin PBXFrameworksBuildPhase section */
		C30DB1E91D55470F00431545 /* Frameworks */ = {
			isa = PBXFrameworksBuildPhase;
			buildActionMask = 2147483647;
			files = (
			);
			runOnlyForDeploymentPostprocessing = 0;
		};
/* End PBXFrameworksBuildPhase section */

/* Begin PBXGroup section */
		C30DB1E31D55470F00431545 = {
			isa = PBXGroup;
			children = (
				C30DB1EE1D55470F00431545 /* Homepwner */,
				C30DB1ED1D55470F00431545 /* Products */,
			);
			sourceTree = "<group>";
		};
		C30DB1ED1D55470F00431545 /* Products */ = {
			isa = PBXGroup;
			children = (
				C30DB1EC1D55470F00431545 /* Homepwner.app */,
			);
			name = Products;
			sourceTree = "<group>";
		};
		C30DB1EE1D55470F00431545 /* Homepwner */ = {
			isa = PBXGroup;
			children = (
				C30DB2051D55498800431545 /* ItemsViewController.swift */,
				C37BE5551D5B77F300CEE0BE /* ItemCell.swift */,
				C30DB1EF1D55470F00431545 /* AppDelegate.swift */,
				C30DB1F31D55470F00431545 /* Main.storyboard */,
				C38DEFAE1D5D463900A62345 /* DetailViewController.swift */,
				C30DB2071D5549DC00431545 /* Item.swift */,
				C30DB2091D554D2B00431545 /* ItemStore.swift */,
				C30DB1F61D55470F00431545 /* Assets.xcassets */,
				C30DB1F81D55470F00431545 /* LaunchScreen.storyboard */,
				C30DB1FB1D55470F00431545 /* Info.plist */,
			);
			path = Homepwner;
			sourceTree = "<group>";
		};
/* End PBXGroup section */

/* Begin PBXNativeTarget section */
		C30DB1EB1D55470F00431545 /* Homepwner */ = {
			isa = PBXNativeTarget;
			buildConfigurationList = C30DB1FE1D55470F00431545 /* Build configuration list for PBXNativeTarget "Homepwner" */;
			buildPhases = (
				C30DB1E81D55470F00431545 /* Sources */,
				C30DB1E91D55470F00431545 /* Frameworks */,
				C30DB1EA1D55470F00431545 /* Resources */,
			);
			buildRules = (
			);
			dependencies = (
			);
			name = Homepwner;
			productName = Homepwner;
			productReference = C30DB1EC1D55470F00431545 /* Homepwner.app */;
			productType = "com.apple.product-type.application";
		};
/* End PBXNativeTarget section */

/* Begin PBXProject section */
		C30DB1E41D55470F00431545 /* Project object */ = {
			isa = PBXProject;
			attributes = {
				LastSwiftUpdateCheck = 0730;
				LastUpgradeCheck = 0730;
				ORGANIZATIONNAME = "Angel Gomez Salazar";
				TargetAttributes = {
					C30DB1EB1D55470F00431545 = {
						CreatedOnToolsVersion = 7.3.1;
					};
				};
			};
			buildConfigurationList = C30DB1E71D55470F00431545 /* Build configuration list for PBXProject "Homepwner" */;
			compatibilityVersion = "Xcode 3.2";
			developmentRegion = English;
			hasScannedForEncodings = 0;
			knownRegions = (
				en,
				Base,
			);
			mainGroup = C30DB1E31D55470F00431545;
			productRefGroup = C30DB1ED1D55470F00431545 /* Products */;
			projectDirPath = "";
			projectRoot = "";
			targets = (
				C30DB1EB1D55470F00431545 /* Homepwner */,
			);
		};
/* End PBXProject section */

/* Begin PBXResourcesBuildPhase section */
		C30DB1EA1D55470F00431545 /* Resources */ = {
			isa = PBXResourcesBuildPhase;
			buildActionMask = 2147483647;
			files = (
				C30DB1FA1D55470F00431545 /* LaunchScreen.storyboard in Resources */,
				C30DB1F71D55470F00431545 /* Assets.xcassets in Resources */,
				C30DB1F51D55470F00431545 /* Main.storyboard in Resources */,
			);
			runOnlyForDeploymentPostprocessing = 0;
		};
/* End PBXResourcesBuildPhase section */

/* Begin PBXSourcesBuildPhase section */
		C30DB1E81D55470F00431545 /* Sources */ = {
			isa = PBXSourcesBuildPhase;
			buildActionMask = 2147483647;
			files = (
				C30DB1F01D55470F00431545 /* AppDelegate.swift in Sources */,
				C30DB2081D5549DC00431545 /* Item.swift in Sources */,
				C30DB20A1D554D2B00431545 /* ItemStore.swift in Sources */,
				C38DEFAF1D5D463900A62345 /* DetailViewController.swift in Sources */,
				C30DB2061D55498800431545 /* ItemsViewController.swift in Sources */,
				C37BE5561D5B77F400CEE0BE /* ItemCell.swift in Sources */,
			);
			runOnlyForDeploymentPostprocessing = 0;
		};
/* End PBXSourcesBuildPhase section */

/* Begin PBXVariantGroup section */
		C30DB1F31D55470F00431545 /* Main.storyboard */ = {
			isa = PBXVariantGroup;
			children = (
				C30DB1F41D55470F00431545 /* Base */,
			);
			name = Main.storyboard;
			sourceTree = "<group>";
		};
		C30DB1F81D55470F00431545 /* LaunchScreen.storyboard */ = {
			isa = PBXVariantGroup;
			children = (
				C30DB1F91D55470F00431545 /* Base */,
			);
			name = LaunchScreen.storyboard;
			sourceTree = "<group>";
		};
/* End PBXVariantGroup section */

/* Begin XCBuildConfiguration section */
		C30DB1FC1D55470F00431545 /* Debug */ = {
			isa = XCBuildConfiguration;
			buildSettings = {
				ALWAYS_SEARCH_USER_PATHS = NO;
				CLANG_ANALYZER_NONNULL = YES;
				CLANG_CXX_LANGUAGE_STANDARD = "gnu++0x";
				CLANG_CXX_LIBRARY = "libc++";
				CLANG_ENABLE_MODULES = YES;
				CLANG_ENABLE_OBJC_ARC = YES;
				CLANG_WARN_BOOL_CONVERSION = YES;
				CLANG_WARN_CONSTANT_CONVERSION = YES;
				CLANG_WARN_DIRECT_OBJC_ISA_USAGE = YES_ERROR;
				CLANG_WARN_EMPTY_BODY = YES;
				CLANG_WARN_ENUM_CONVERSION = YES;
				CLANG_WARN_INT_CONVERSION = YES;
				CLANG_WARN_OBJC_ROOT_CLASS = YES_ERROR;
				CLANG_WARN_UNREACHABLE_CODE = YES;
				CLANG_WARN__DUPLICATE_METHOD_MATCH = YES;
				"CODE_SIGN_IDENTITY[sdk=iphoneos*]" = "iPhone Developer";
				COPY_PHASE_STRIP = NO;
				DEBUG_INFORMATION_FORMAT = dwarf;
				ENABLE_STRICT_OBJC_MSGSEND = YES;
				ENABLE_TESTABILITY = YES;
				GCC_C_LANGUAGE_STANDARD = gnu99;
				GCC_DYNAMIC_NO_PIC = NO;
				GCC_NO_COMMON_BLOCKS = YES;
				GCC_OPTIMIZATION_LEVEL = 0;
				GCC_PREPROCESSOR_DEFINITIONS = (
					"DEBUG=1",
					"$(inherited)",
				);
				GCC_WARN_64_TO_32_BIT_CONVERSION = YES;
				GCC_WARN_ABOUT_RETURN_TYPE = YES_ERROR;
				GCC_WARN_UNDECLARED_SELECTOR = YES;
				GCC_WARN_UNINITIALIZED_AUTOS = YES_AGGRESSIVE;
				GCC_WARN_UNUSED_FUNCTION = YES;
				GCC_WARN_UNUSED_VARIABLE = YES;
				IPHONEOS_DEPLOYMENT_TARGET = 9.3;
				MTL_ENABLE_DEBUG_INFO = YES;
				ONLY_ACTIVE_ARCH = YES;
				SDKROOT = iphoneos;
				SWIFT_OPTIMIZATION_LEVEL = "-Onone";
			};
			name = Debug;
		};
		C30DB1FD1D55470F00431545 /* Release */ = {
			isa = XCBuildConfiguration;
			buildSettings = {
				ALWAYS_SEARCH_USER_PATHS = NO;
				CLANG_ANALYZER_NONNULL = YES;
				CLANG_CXX_LANGUAGE_STANDARD = "gnu++0x";
				CLANG_CXX_LIBRARY = "libc++";
				CLANG_ENABLE_MODULES = YES;
				CLANG_ENABLE_OBJC_ARC = YES;
				CLANG_WARN_BOOL_CONVERSION = YES;
				CLANG_WARN_CONSTANT_CONVERSION = YES;
				CLANG_WARN_DIRECT_OBJC_ISA_USAGE = YES_ERROR;
				CLANG_WARN_EMPTY_BODY = YES;
				CLANG_WARN_ENUM_CONVERSION = YES;
				CLANG_WARN_INT_CONVERSION = YES;
				CLANG_WARN_OBJC_ROOT_CLASS = YES_ERROR;
				CLANG_WARN_UNREACHABLE_CODE = YES;
				CLANG_WARN__DUPLICATE_METHOD_MATCH = YES;
				"CODE_SIGN_IDENTITY[sdk=iphoneos*]" = "iPhone Developer";
				COPY_PHASE_STRIP = NO;
				DEBUG_INFORMATION_FORMAT = "dwarf-with-dsym";
				ENABLE_NS_ASSERTIONS = NO;
				ENABLE_STRICT_OBJC_MSGSEND = YES;
				GCC_C_LANGUAGE_STANDARD = gnu99;
				GCC_NO_COMMON_BLOCKS = YES;
				GCC_WARN_64_TO_32_BIT_CONVERSION = YES;
				GCC_WARN_ABOUT_RETURN_TYPE = YES_ERROR;
				GCC_WARN_UNDECLARED_SELECTOR = YES;
				GCC_WARN_UNINITIALIZED_AUTOS = YES_AGGRESSIVE;
				GCC_WARN_UNUSED_FUNCTION = YES;
				GCC_WARN_UNUSED_VARIABLE = YES;
				IPHONEOS_DEPLOYMENT_TARGET = 9.3;
				MTL_ENABLE_DEBUG_INFO = NO;
				SDKROOT = iphoneos;
				VALIDATE_PRODUCT = YES;
			};
			name = Release;
		};
		C30DB1FF1D55470F00431545 /* Debug */ = {
			isa = XCBuildConfiguration;
			buildSettings = {
				ASSETCATALOG_COMPILER_APPICON_NAME = AppIcon;
				INFOPLIST_FILE = Homepwner/Info.plist;
				LD_RUNPATH_SEARCH_PATHS = "$(inherited) @executable_path/Frameworks";
				PRODUCT_BUNDLE_IDENTIFIER = com.angelgomezsalazar.Homepwner;
				PRODUCT_NAME = "$(TARGET_NAME)";
			};
			name = Debug;
		};
		C30DB2001D55470F00431545 /* Release */ = {
			isa = XCBuildConfiguration;
			buildSettings = {
				ASSETCATALOG_COMPILER_APPICON_NAME = AppIcon;
				INFOPLIST_FILE = Homepwner/Info.plist;
				LD_RUNPATH_SEARCH_PATHS = "$(inherited) @executable_path/Frameworks";
				PRODUCT_BUNDLE_IDENTIFIER = com.angelgomezsalazar.Homepwner;
				PRODUCT_NAME = "$(TARGET_NAME)";
			};
			name = Release;
		};
/* End XCBuildConfiguration section */

/* Begin XCConfigurationList section */
		C30DB1E71D55470F00431545 /* Build configuration list for PBXProject "Homepwner" */ = {
			isa = XCConfigurationList;
			buildConfigurations = (
				C30DB1FC1D55470F00431545 /* Debug */,
				C30DB1FD1D55470F00431545 /* Release */,
			);
			defaultConfigurationIsVisible = 0;
			defaultConfigurationName = Release;
		};
		C30DB1FE1D55470F00431545 /* Build configuration list for PBXNativeTarget "Homepwner" */ = {
			isa = XCConfigurationList;
			buildConfigurations = (
				C30DB1FF1D55470F00431545 /* Debug */,
				C30DB2001D55470F00431545 /* Release */,
			);
			defaultConfigurationIsVisible = 0;
			defaultConfigurationName = Release;
		};
/* End XCConfigurationList section */
	};
	rootObject = C30DB1E41D55470F00431545 /* Project object */;
}
